
Microsoft Visual Studio Solution File, Format Version 12.00
# Visual Studio Version 17
VisualStudioVersion = 17.11.35222.181
MinimumVisualStudioVersion = 10.0.40219.1
Project("{8BC9CEB8-8B4A-11D0-8D11-00A0C91BC942}") = "kurvakursach", "kurvakursach\kurvakursach.vcxproj", "{0F5296A0-66D2-409B-AAA4-A33A3DEA7467}"
EndProject
Global
	GlobalSection(SolutionConfigurationPlatforms) = preSolution
		Debug|x64 = Debug|x64
		Debug|x86 = Debug|x86
		Release|x64 = Release|x64
		Release|x86 = Release|x86
	EndGlobalSection
	GlobalSection(ProjectConfigurationPlatforms) = postSolution
		{0F5296A0-66D2-409B-AAA4-A33A3DEA7467}.Debug|x64.ActiveCfg = Debug|x64
		{0F5296A0-66D2-409B-AAA4-A33A3DEA7467}.Debug|x64.Build.0 = Debug|x64
		{0F5296A0-66D2-409B-AAA4-A33A3DEA7467}.Debug|x86.ActiveCfg = Debug|Win32
		{0F5296A0-66D2-409B-AAA4-A33A3DEA7467}.Debug|x86.Build.0 = Debug|Win32
		{0F5296A0-66D2-409B-AAA4-A33A3DEA7467}.Release|x64.ActiveCfg = Release|x64
		{0F5296A0-66D2-409B-AAA4-A33A3DEA7467}.Release|x64.Build.0 = Release|x64
		{0F5296A0-66D2-409B-AAA4-A33A3DEA7467}.Release|x86.ActiveCfg = Release|Win32
		{0F5296A0-66D2-409B-AAA4-A33A3DEA7467}.Release|x86.Build.0 = Release|Win32
	EndGlobalSection
	GlobalSection(SolutionProperties) = preSolution
		HideSolutionNode = FALSE
	EndGlobalSection
	GlobalSection(ExtensibilityGlobals) = postSolution
		SolutionGuid = {12E15E37-C024-4B29-B3D2-26E9B5848191}
	EndGlobalSection
EndGlobal
